
Microsoft Visual Studio Solution File, Format Version 12.00
# Visual Studio Version 17
VisualStudioVersion = 17.13.35931.197
MinimumVisualStudioVersion = 10.0.40219.1
Project("{FAE04EC0-301F-11D3-BF4B-00C04F79EFBC}") = "DrLohiaGirlsSchool", "DrLohiaGirlsSchool.csproj", "{B517DCB5-93B2-9ECE-0656-6BCEC31201D6}"
EndProject
Global
	GlobalSection(SolutionConfigurationPlatforms) = preSolution
		Debug|Any CPU = Debug|Any CPU
		Release|Any CPU = Release|Any CPU
	EndGlobalSection
	GlobalSection(ProjectConfigurationPlatforms) = postSolution
		{B517DCB5-93B2-9ECE-0656-6BCEC31201D6}.Debug|Any CPU.ActiveCfg = Debug|Any CPU
		{B517DCB5-93B2-9ECE-0656-6BCEC31201D6}.Debug|Any CPU.Build.0 = Debug|Any CPU
		{B517DCB5-93B2-9ECE-0656-6BCEC31201D6}.Release|Any CPU.ActiveCfg = Release|Any CPU
		{B517DCB5-93B2-9ECE-0656-6BCEC31201D6}.Release|Any CPU.Build.0 = Release|Any CPU
	EndGlobalSection
	GlobalSection(SolutionProperties) = preSolution
		HideSolutionNode = FALSE
	EndGlobalSection
	GlobalSection(ExtensibilityGlobals) = postSolution
		SolutionGuid = {0E31A375-C942-4E40-8DAC-AF60A029EF35}
	EndGlobalSection
EndGlobal
